{
  "nodes": {
    "flake-utils": {
      "inputs": {
        "systems": "systems"
      },
      "locked": {
        "lastModified": 1692799911,
        "narHash": "sha256-3eihraek4qL744EvQXsK1Ha6C3CR7nnT8X2qWap4RNk=",
        "owner": "numtide",
        "repo": "flake-utils",
        "rev": "f9e7cf818399d17d347f847525c5a5a8032e4e44",
        "type": "github"
      },
      "original": {
        "owner": "numtide",
        "repo": "flake-utils",
        "type": "github"
      }
    },
    "flake-utils_2": {
      "inputs": {
        "systems": "systems_2"
      },
      "locked": {
        "lastModified": 1694529238,
        "narHash": "sha256-zsNZZGTGnMOf9YpHKJqMSsa0dXbfmxeoJ7xHlrt+xmY=",
        "owner": "numtide",
        "repo": "flake-utils",
        "rev": "ff7b65b44d01cf9ba6a71320833626af21126384",
        "type": "github"
      },
      "original": {
        "owner": "numtide",
        "repo": "flake-utils",
        "type": "github"
      }
    },
    "flake-utils_3": {
      "inputs": {
        "systems": "systems_3"
      },
      "locked": {
        "lastModified": 1694529238,
        "narHash": "sha256-zsNZZGTGnMOf9YpHKJqMSsa0dXbfmxeoJ7xHlrt+xmY=",
        "owner": "numtide",
        "repo": "flake-utils",
        "rev": "ff7b65b44d01cf9ba6a71320833626af21126384",
        "type": "github"
      },
      "original": {
        "owner": "numtide",
        "repo": "flake-utils",
        "type": "github"
      }
    },
    "flake-utils_4": {
      "inputs": {
        "systems": "systems_4"
      },
      "locked": {
        "lastModified": 1694529238,
        "narHash": "sha256-zsNZZGTGnMOf9YpHKJqMSsa0dXbfmxeoJ7xHlrt+xmY=",
        "owner": "numtide",
        "repo": "flake-utils",
        "rev": "ff7b65b44d01cf9ba6a71320833626af21126384",
        "type": "github"
      },
      "original": {
        "owner": "numtide",
        "repo": "flake-utils",
        "type": "github"
      }
    },
    "microvm": {
      "inputs": {
        "flake-utils": "flake-utils",
        "nixpkgs": [
          "nixpkgs"
        ]
      },
      "locked": {
        "lastModified": 1695719191,
        "narHash": "sha256-/WtvNBHXLHwq7mfmVIFKdaXq0Tf0K0f6cFJ7Dqh3DMA=",
        "owner": "astro",
        "repo": "microvm.nix",
        "rev": "09ed8c52817afb0acb6badc3905e3a121e80fe06",
        "type": "github"
      },
      "original": {
        "owner": "astro",
        "repo": "microvm.nix",
        "type": "github"
      }
    },
    "mistify": {
      "inputs": {
        "flake-utils": "flake-utils_2",
        "nixpkgs": [
          "nixpkgs"
        ],
        "tinyFaaS-cli": "tinyFaaS-cli"
      },
      "locked": {
        "lastModified": 1696669895,
        "narHash": "sha256-V/PG4c9Up5CreDdFBkO+SouYEIXkOjYDCgGZEXyLXgI=",
        "owner": "ouzu",
        "repo": "tinyFaaS",
        "rev": "d5f38e9f65c5cae383234b98556215fb73303c89",
        "type": "github"
      },
      "original": {
        "owner": "ouzu",
        "repo": "tinyFaaS",
        "type": "github"
      }
    },
    "nixpkgs": {
      "locked": {
        "lastModified": 1696599885,
        "narHash": "sha256-FXNs2ptMJGZbPeqBei6bUfhW24D6AOtl73zOVHGIl3c=",
        "owner": "NixOS",
        "repo": "nixpkgs",
        "rev": "ea0e428f8695aae92f0d2fb21aa64f8d4812be2d",
        "type": "github"
      },
      "original": {
        "owner": "NixOS",
        "ref": "release-23.05",
        "repo": "nixpkgs",
        "type": "github"
      }
    },
    "root": {
      "inputs": {
        "microvm": "microvm",
        "mistify": "mistify",
        "nixpkgs": "nixpkgs",
        "tinyFaaS-cli": "tinyFaaS-cli_2"
      }
    },
    "systems": {
      "locked": {
        "lastModified": 1681028828,
        "narHash": "sha256-Vy1rq5AaRuLzOxct8nz4T6wlgyUR7zLU309k9mBC768=",
        "owner": "nix-systems",
        "repo": "default",
        "rev": "da67096a3b9bf56a91d16901293e51ba5b49a27e",
        "type": "github"
      },
      "original": {
        "owner": "nix-systems",
        "repo": "default",
        "type": "github"
      }
    },
    "systems_2": {
      "locked": {
        "lastModified": 1681028828,
        "narHash": "sha256-Vy1rq5AaRuLzOxct8nz4T6wlgyUR7zLU309k9mBC768=",
        "owner": "nix-systems",
        "repo": "default",
        "rev": "da67096a3b9bf56a91d16901293e51ba5b49a27e",
        "type": "github"
      },
      "original": {
        "owner": "nix-systems",
        "repo": "default",
        "type": "github"
      }
    },
    "systems_3": {
      "locked": {
        "lastModified": 1681028828,
        "narHash": "sha256-Vy1rq5AaRuLzOxct8nz4T6wlgyUR7zLU309k9mBC768=",
        "owner": "nix-systems",
        "repo": "default",
        "rev": "da67096a3b9bf56a91d16901293e51ba5b49a27e",
        "type": "github"
      },
      "original": {
        "owner": "nix-systems",
        "repo": "default",
        "type": "github"
      }
    },
    "systems_4": {
      "locked": {
        "lastModified": 1681028828,
        "narHash": "sha256-Vy1rq5AaRuLzOxct8nz4T6wlgyUR7zLU309k9mBC768=",
        "owner": "nix-systems",
        "repo": "default",
        "rev": "da67096a3b9bf56a91d16901293e51ba5b49a27e",
        "type": "github"
      },
      "original": {
        "owner": "nix-systems",
        "repo": "default",
        "type": "github"
      }
    },
    "tinyFaaS-cli": {
      "inputs": {
        "flake-utils": "flake-utils_3",
        "nixpkgs": [
          "mistify",
          "nixpkgs"
        ]
      },
      "locked": {
        "lastModified": 1695643598,
        "narHash": "sha256-MTLzbxkgpRAbSES2nvC0GlkMqH3OnUlXHni7+ZSPwLs=",
        "owner": "ouzu",
        "repo": "tinyFaaS-cli",
        "rev": "f217cf922701d82f5646c22dd38e2e53c76f2233",
        "type": "github"
      },
      "original": {
        "owner": "ouzu",
        "repo": "tinyFaaS-cli",
        "type": "github"
      }
    },
    "tinyFaaS-cli_2": {
      "inputs": {
        "flake-utils": "flake-utils_4",
        "nixpkgs": [
          "nixpkgs"
        ]
      },
      "locked": {
        "lastModified": 1695643598,
        "narHash": "sha256-MTLzbxkgpRAbSES2nvC0GlkMqH3OnUlXHni7+ZSPwLs=",
        "owner": "ouzu",
        "repo": "tinyFaaS-cli",
        "rev": "f217cf922701d82f5646c22dd38e2e53c76f2233",
        "type": "github"
      },
      "original": {
        "owner": "ouzu",
        "repo": "tinyFaaS-cli",
        "type": "github"
      }
    }
  },
  "root": "root",
  "version": 7
}
